
Microsoft Visual Studio Solution File, Format Version 12.00
# Visual Studio 14
VisualStudioVersion = 14.0.25420.1
MinimumVisualStudioVersion = 10.0.40219.1
Project("{FAE04EC0-301F-11D3-BF4B-00C04F79EFBC}") = "TreeCodeDemo", "TreeCodeDemo\TreeCodeDemo.csproj", "{3292B861-FE7F-4E49-833D-B09BAFC5C38D}"
EndProject
Project("{FAE04EC0-301F-11D3-BF4B-00C04F79EFBC}") = "TreeCodeDemoTests", "TreeCodeDemoTests\TreeCodeDemoTests.csproj", "{BAB5D2E3-E5F6-4081-A02B-C3557792EB8E}"
EndProject
Global
	GlobalSection(SolutionConfigurationPlatforms) = preSolution
		Debug|Any CPU = Debug|Any CPU
		Release|Any CPU = Release|Any CPU
	EndGlobalSection
	GlobalSection(ProjectConfigurationPlatforms) = postSolution
		{3292B861-FE7F-4E49-833D-B09BAFC5C38D}.Debug|Any CPU.ActiveCfg = Debug|Any CPU
		{3292B861-FE7F-4E49-833D-B09BAFC5C38D}.Debug|Any CPU.Build.0 = Debug|Any CPU
		{3292B861-FE7F-4E49-833D-B09BAFC5C38D}.Release|Any CPU.ActiveCfg = Release|Any CPU
		{3292B861-FE7F-4E49-833D-B09BAFC5C38D}.Release|Any CPU.Build.0 = Release|Any CPU
		{BAB5D2E3-E5F6-4081-A02B-C3557792EB8E}.Debug|Any CPU.ActiveCfg = Debug|Any CPU
		{BAB5D2E3-E5F6-4081-A02B-C3557792EB8E}.Debug|Any CPU.Build.0 = Debug|Any CPU
		{BAB5D2E3-E5F6-4081-A02B-C3557792EB8E}.Release|Any CPU.ActiveCfg = Release|Any CPU
		{BAB5D2E3-E5F6-4081-A02B-C3557792EB8E}.Release|Any CPU.Build.0 = Release|Any CPU
	EndGlobalSection
	GlobalSection(SolutionProperties) = preSolution
		HideSolutionNode = FALSE
	EndGlobalSection
EndGlobal
